
Microsoft Visual Studio Solution File, Format Version 12.00
# Visual Studio Version 16
VisualStudioVersion = 16.0.30626.31
MinimumVisualStudioVersion = 10.0.40219.1
Project("{9A19103F-16F7-4668-BE54-9A1E7A4F7556}") = "HenryMigo.Web", "HenryMigo.Web\HenryMigo.Web.csproj", "{DAB10DF6-D4AF-4599-8AF0-7D676EFC58CB}"
EndProject
Project("{2150E333-8FDC-42A3-9474-1A3956D46DE8}") = "_stylecop", "_stylecop", "{529744D4-8F4D-40DE-956D-E39551229A78}"
	ProjectSection(SolutionItems) = preProject
		.gitignore = .gitignore
		stylecop\stylecop.ruleset = stylecop\stylecop.ruleset
	EndProjectSection
EndProject
Project("{FAE04EC0-301F-11D3-BF4B-00C04F79EFBC}") = "HenryMigo.Shared", "HenryMigo.Shared\HenryMigo.Shared.csproj", "{28564430-DC34-47FD-9708-52E36A2266D7}"
EndProject
Project("{FAE04EC0-301F-11D3-BF4B-00C04F79EFBC}") = "HenryMigo.API", "HenryMigo.API\HenryMigo.API.csproj", "{5292744B-8254-46DD-986B-73A2B6ACA46B}"
EndProject
Global
	GlobalSection(SolutionConfigurationPlatforms) = preSolution
		Debug|Any CPU = Debug|Any CPU
		Release|Any CPU = Release|Any CPU
	EndGlobalSection
	GlobalSection(ProjectConfigurationPlatforms) = postSolution
		{DAB10DF6-D4AF-4599-8AF0-7D676EFC58CB}.Debug|Any CPU.ActiveCfg = Debug|Any CPU
		{DAB10DF6-D4AF-4599-8AF0-7D676EFC58CB}.Debug|Any CPU.Build.0 = Debug|Any CPU
		{DAB10DF6-D4AF-4599-8AF0-7D676EFC58CB}.Release|Any CPU.ActiveCfg = Release|Any CPU
		{DAB10DF6-D4AF-4599-8AF0-7D676EFC58CB}.Release|Any CPU.Build.0 = Release|Any CPU
		{28564430-DC34-47FD-9708-52E36A2266D7}.Debug|Any CPU.ActiveCfg = Debug|Any CPU
		{28564430-DC34-47FD-9708-52E36A2266D7}.Debug|Any CPU.Build.0 = Debug|Any CPU
		{28564430-DC34-47FD-9708-52E36A2266D7}.Release|Any CPU.ActiveCfg = Release|Any CPU
		{28564430-DC34-47FD-9708-52E36A2266D7}.Release|Any CPU.Build.0 = Release|Any CPU
		{5292744B-8254-46DD-986B-73A2B6ACA46B}.Debug|Any CPU.ActiveCfg = Debug|Any CPU
		{5292744B-8254-46DD-986B-73A2B6ACA46B}.Debug|Any CPU.Build.0 = Debug|Any CPU
		{5292744B-8254-46DD-986B-73A2B6ACA46B}.Release|Any CPU.ActiveCfg = Release|Any CPU
		{5292744B-8254-46DD-986B-73A2B6ACA46B}.Release|Any CPU.Build.0 = Release|Any CPU
	EndGlobalSection
	GlobalSection(SolutionProperties) = preSolution
		HideSolutionNode = FALSE
	EndGlobalSection
	GlobalSection(ExtensibilityGlobals) = postSolution
		SolutionGuid = {EDBDAFAE-D808-4663-A58B-38033A9D7102}
	EndGlobalSection
EndGlobal
