
Microsoft Visual Studio Solution File, Format Version 12.00
# Visual Studio Version 16
VisualStudioVersion = 16.0.30626.31
MinimumVisualStudioVersion = 10.0.40219.1
Project("{FAE04EC0-301F-11D3-BF4B-00C04F79EFBC}") = "Migo.Codes.Website", "Migo.Codes.Website\Migo.Codes.Website.csproj", "{DAB10DF6-D4AF-4599-8AF0-7D676EFC58CB}"
EndProject
Global
	GlobalSection(SolutionConfigurationPlatforms) = preSolution
		Debug|Any CPU = Debug|Any CPU
		Release|Any CPU = Release|Any CPU
	EndGlobalSection
	GlobalSection(ProjectConfigurationPlatforms) = postSolution
		{DAB10DF6-D4AF-4599-8AF0-7D676EFC58CB}.Debug|Any CPU.ActiveCfg = Debug|Any CPU
		{DAB10DF6-D4AF-4599-8AF0-7D676EFC58CB}.Debug|Any CPU.Build.0 = Debug|Any CPU
		{DAB10DF6-D4AF-4599-8AF0-7D676EFC58CB}.Release|Any CPU.ActiveCfg = Release|Any CPU
		{DAB10DF6-D4AF-4599-8AF0-7D676EFC58CB}.Release|Any CPU.Build.0 = Release|Any CPU
	EndGlobalSection
	GlobalSection(SolutionProperties) = preSolution
		HideSolutionNode = FALSE
	EndGlobalSection
	GlobalSection(ExtensibilityGlobals) = postSolution
		SolutionGuid = {EDBDAFAE-D808-4663-A58B-38033A9D7102}
	EndGlobalSection
EndGlobal
